
Microsoft Visual Studio Solution File, Format Version 12.00
# Visual Studio Version 16
VisualStudioVersion = 16.0.30907.101
MinimumVisualStudioVersion = 10.0.40219.1
Project("{9A19103F-16F7-4668-BE54-9A1E7A4F7556}") = "API", "API\API.csproj", "{E6C8DB8D-367F-46CC-9B37-C8DA3A6F5829}"
EndProject
Project("{9A19103F-16F7-4668-BE54-9A1E7A4F7556}") = "BusinessLogic", "BusinessLogic\BusinessLogic.csproj", "{A490BBBE-5C9B-40D8-9373-C443700AD139}"
EndProject
Project("{9A19103F-16F7-4668-BE54-9A1E7A4F7556}") = "Infrastructure", "Infrastructure\Infrastructure.csproj", "{C63BCC41-93BF-4021-BA33-A5A7BA9B8966}"
	ProjectSection(ProjectDependencies) = postProject
		{A490BBBE-5C9B-40D8-9373-C443700AD139} = {A490BBBE-5C9B-40D8-9373-C443700AD139}
	EndProjectSection
EndProject
Global
	GlobalSection(SolutionConfigurationPlatforms) = preSolution
		Debug|Any CPU = Debug|Any CPU
		Release|Any CPU = Release|Any CPU
	EndGlobalSection
	GlobalSection(ProjectConfigurationPlatforms) = postSolution
		{E6C8DB8D-367F-46CC-9B37-C8DA3A6F5829}.Debug|Any CPU.ActiveCfg = Debug|Any CPU
		{E6C8DB8D-367F-46CC-9B37-C8DA3A6F5829}.Debug|Any CPU.Build.0 = Debug|Any CPU
		{E6C8DB8D-367F-46CC-9B37-C8DA3A6F5829}.Release|Any CPU.ActiveCfg = Release|Any CPU
		{E6C8DB8D-367F-46CC-9B37-C8DA3A6F5829}.Release|Any CPU.Build.0 = Release|Any CPU
		{A490BBBE-5C9B-40D8-9373-C443700AD139}.Debug|Any CPU.ActiveCfg = Debug|Any CPU
		{A490BBBE-5C9B-40D8-9373-C443700AD139}.Debug|Any CPU.Build.0 = Debug|Any CPU
		{A490BBBE-5C9B-40D8-9373-C443700AD139}.Release|Any CPU.ActiveCfg = Release|Any CPU
		{A490BBBE-5C9B-40D8-9373-C443700AD139}.Release|Any CPU.Build.0 = Release|Any CPU
		{C63BCC41-93BF-4021-BA33-A5A7BA9B8966}.Debug|Any CPU.ActiveCfg = Debug|Any CPU
		{C63BCC41-93BF-4021-BA33-A5A7BA9B8966}.Debug|Any CPU.Build.0 = Debug|Any CPU
		{C63BCC41-93BF-4021-BA33-A5A7BA9B8966}.Release|Any CPU.ActiveCfg = Release|Any CPU
		{C63BCC41-93BF-4021-BA33-A5A7BA9B8966}.Release|Any CPU.Build.0 = Release|Any CPU
	EndGlobalSection
	GlobalSection(SolutionProperties) = preSolution
		HideSolutionNode = FALSE
	EndGlobalSection
	GlobalSection(ExtensibilityGlobals) = postSolution
		SolutionGuid = {6426C667-4A97-413C-B74E-51D350765299}
	EndGlobalSection
EndGlobal
